
Microsoft Visual Studio Solution File, Format Version 12.00
# Visual Studio Version 16
VisualStudioVersion = 16.0.30621.155
MinimumVisualStudioVersion = 10.0.40219.1
Project("{FAE04EC0-301F-11D3-BF4B-00C04F79EFBC}") = "maimaidx-prober-gui", "maimaidx-prober-gui.csproj", "{F3959E48-F100-44E1-BF53-C33E92F8F858}"
EndProject
Global
	GlobalSection(SolutionConfigurationPlatforms) = preSolution
		Debug|Any CPU = Debug|Any CPU
		Release|Any CPU = Release|Any CPU
	EndGlobalSection
	GlobalSection(ProjectConfigurationPlatforms) = postSolution
		{F3959E48-F100-44E1-BF53-C33E92F8F858}.Debug|Any CPU.ActiveCfg = Debug|Any CPU
		{F3959E48-F100-44E1-BF53-C33E92F8F858}.Debug|Any CPU.Build.0 = Debug|Any CPU
		{F3959E48-F100-44E1-BF53-C33E92F8F858}.Release|Any CPU.ActiveCfg = Release|Any CPU
		{F3959E48-F100-44E1-BF53-C33E92F8F858}.Release|Any CPU.Build.0 = Release|Any CPU
	EndGlobalSection
	GlobalSection(SolutionProperties) = preSolution
		HideSolutionNode = FALSE
	EndGlobalSection
	GlobalSection(ExtensibilityGlobals) = postSolution
		SolutionGuid = {CA383C02-6C92-4B12-9DC5-9DEEF4736752}
	EndGlobalSection
EndGlobal
